{
    "version": 3,
    "terraform_version": "0.9.5",
    "serial": 1,
    "lineage": "2a8f85f1-b47d-4678-9021-bf62ecb41420",
    "modules": [
        {
            "path": [
                "root"
            ],
            "outputs": {},
            "resources": {
                "aws_internet_gateway.main-gw": {
                    "type": "aws_internet_gateway",
                    "depends_on": [
                        "aws_vpc.main"
                    ],
                    "primary": {
                        "id": "igw-10d97674",
                        "attributes": {
                            "id": "igw-10d97674",
                            "tags.%": "1",
                            "tags.Name": "main",
                            "vpc_id": "vpc-98a6aefc"
                        },
                        "meta": {},
                        "tainted": false
                    },
                    "deposed": [],
                    "provider": ""
                },
                "aws_route_table.main-public": {
                    "type": "aws_route_table",
                    "depends_on": [
                        "aws_internet_gateway.main-gw",
                        "aws_vpc.main"
                    ],
                    "primary": {
                        "id": "rtb-cac272ad",
                        "attributes": {
                            "id": "rtb-cac272ad",
                            "propagating_vgws.#": "0",
                            "route.#": "1",
                            "route.3621959157.cidr_block": "0.0.0.0/0",
                            "route.3621959157.egress_only_gateway_id": "",
                            "route.3621959157.gateway_id": "igw-10d97674",
                            "route.3621959157.instance_id": "",
                            "route.3621959157.ipv6_cidr_block": "",
                            "route.3621959157.nat_gateway_id": "",
                            "route.3621959157.network_interface_id": "",
                            "route.3621959157.vpc_peering_connection_id": "",
                            "tags.%": "1",
                            "tags.Name": "main-public-1",
                            "vpc_id": "vpc-98a6aefc"
                        },
                        "meta": {},
                        "tainted": false
                    },
                    "deposed": [],
                    "provider": ""
                },
                "aws_vpc.main": {
                    "type": "aws_vpc",
                    "depends_on": [],
                    "primary": {
                        "id": "vpc-98a6aefc",
                        "attributes": {
                            "assign_generated_ipv6_cidr_block": "false",
                            "cidr_block": "10.0.0.0/16",
                            "default_network_acl_id": "acl-2eff2549",
                            "default_route_table_id": "rtb-63c37304",
                            "default_security_group_id": "sg-74b9d412",
                            "dhcp_options_id": "dopt-925d17f6",
                            "enable_classiclink": "false",
                            "enable_dns_hostnames": "false",
                            "enable_dns_support": "true",
                            "id": "vpc-98a6aefc",
                            "instance_tenancy": "default",
                            "main_route_table_id": "rtb-63c37304",
                            "tags.%": "1",
                            "tags.Name": "main"
                        },
                        "meta": {
                            "schema_version": "1"
                        },
                        "tainted": false
                    },
                    "deposed": [],
                    "provider": ""
                }
            },
            "depends_on": []
        }
    ]
}
